
Microsoft Visual Studio Solution File, Format Version 12.00
# Visual Studio Version 16
VisualStudioVersion = 16.0.31410.357
MinimumVisualStudioVersion = 10.0.40219.1
Project("{FAE04EC0-301F-11D3-BF4B-00C04F79EFBC}") = "CoreEmpty", "CoreEmpty\CoreEmpty.csproj", "{7FA36E04-A252-40C0-8EC1-1AA417E6E28E}"
EndProject
Global
	GlobalSection(SolutionConfigurationPlatforms) = preSolution
		Debug|Any CPU = Debug|Any CPU
		Release|Any CPU = Release|Any CPU
	EndGlobalSection
	GlobalSection(ProjectConfigurationPlatforms) = postSolution
		{7FA36E04-A252-40C0-8EC1-1AA417E6E28E}.Debug|Any CPU.ActiveCfg = Debug|Any CPU
		{7FA36E04-A252-40C0-8EC1-1AA417E6E28E}.Debug|Any CPU.Build.0 = Debug|Any CPU
		{7FA36E04-A252-40C0-8EC1-1AA417E6E28E}.Release|Any CPU.ActiveCfg = Release|Any CPU
		{7FA36E04-A252-40C0-8EC1-1AA417E6E28E}.Release|Any CPU.Build.0 = Release|Any CPU
	EndGlobalSection
	GlobalSection(SolutionProperties) = preSolution
		HideSolutionNode = FALSE
	EndGlobalSection
	GlobalSection(ExtensibilityGlobals) = postSolution
		SolutionGuid = {DCA987A9-EE12-4436-800D-60A4D4B03EC0}
	EndGlobalSection
EndGlobal
