
Microsoft Visual Studio Solution File, Format Version 12.00
# Visual Studio Version 16
VisualStudioVersion = 16.0.31410.357
MinimumVisualStudioVersion = 10.0.40219.1
Project("{FAE04EC0-301F-11D3-BF4B-00C04F79EFBC}") = "CoreMVC", "CoreMVC\CoreMVC.csproj", "{D2E13AAF-4092-4AFA-8795-C39D775C98C6}"
EndProject
Global
	GlobalSection(SolutionConfigurationPlatforms) = preSolution
		Debug|Any CPU = Debug|Any CPU
		Release|Any CPU = Release|Any CPU
	EndGlobalSection
	GlobalSection(ProjectConfigurationPlatforms) = postSolution
		{D2E13AAF-4092-4AFA-8795-C39D775C98C6}.Debug|Any CPU.ActiveCfg = Debug|Any CPU
		{D2E13AAF-4092-4AFA-8795-C39D775C98C6}.Debug|Any CPU.Build.0 = Debug|Any CPU
		{D2E13AAF-4092-4AFA-8795-C39D775C98C6}.Release|Any CPU.ActiveCfg = Release|Any CPU
		{D2E13AAF-4092-4AFA-8795-C39D775C98C6}.Release|Any CPU.Build.0 = Release|Any CPU
	EndGlobalSection
	GlobalSection(SolutionProperties) = preSolution
		HideSolutionNode = FALSE
	EndGlobalSection
	GlobalSection(ExtensibilityGlobals) = postSolution
		SolutionGuid = {A5E8A099-5887-4E25-B50F-3E6DE572AB14}
	EndGlobalSection
EndGlobal
